
Microsoft Visual Studio Solution File, Format Version 12.00
# Visual Studio Version 17
VisualStudioVersion = 17.9.34616.47
MinimumVisualStudioVersion = 10.0.40219.1
Project("{FAE04EC0-301F-11D3-BF4B-00C04F79EFBC}") = "Presentacion", "Presentacion\Presentacion.csproj", "{D2070E71-1FCB-4D9E-B88D-79B534D8106C}"
EndProject
Global
	GlobalSection(SolutionConfigurationPlatforms) = preSolution
		Debug|Any CPU = Debug|Any CPU
		Release|Any CPU = Release|Any CPU
	EndGlobalSection
	GlobalSection(ProjectConfigurationPlatforms) = postSolution
		{D2070E71-1FCB-4D9E-B88D-79B534D8106C}.Debug|Any CPU.ActiveCfg = Debug|Any CPU
		{D2070E71-1FCB-4D9E-B88D-79B534D8106C}.Debug|Any CPU.Build.0 = Debug|Any CPU
		{D2070E71-1FCB-4D9E-B88D-79B534D8106C}.Release|Any CPU.ActiveCfg = Release|Any CPU
		{D2070E71-1FCB-4D9E-B88D-79B534D8106C}.Release|Any CPU.Build.0 = Release|Any CPU
	EndGlobalSection
	GlobalSection(SolutionProperties) = preSolution
		HideSolutionNode = FALSE
	EndGlobalSection
	GlobalSection(ExtensibilityGlobals) = postSolution
		SolutionGuid = {03B8AC6C-B7E5-4836-AF12-72522BDF4593}
	EndGlobalSection
EndGlobal
